
Microsoft Visual Studio Solution File, Format Version 12.00
# Visual Studio Version 17
VisualStudioVersion = 17.11.35312.102
MinimumVisualStudioVersion = 10.0.40219.1
Project("{FAE04EC0-301F-11D3-BF4B-00C04F79EFBC}") = "ElectionsSimulation", "ElectionsSimulation.csproj", "{75B876E7-6C5C-44AC-96EF-D6A57623893C}"
EndProject
Global
	GlobalSection(SolutionConfigurationPlatforms) = preSolution
		Debug|Any CPU = Debug|Any CPU
		Release|Any CPU = Release|Any CPU
	EndGlobalSection
	GlobalSection(ProjectConfigurationPlatforms) = postSolution
		{75B876E7-6C5C-44AC-96EF-D6A57623893C}.Debug|Any CPU.ActiveCfg = Debug|Any CPU
		{75B876E7-6C5C-44AC-96EF-D6A57623893C}.Debug|Any CPU.Build.0 = Debug|Any CPU
		{75B876E7-6C5C-44AC-96EF-D6A57623893C}.Release|Any CPU.ActiveCfg = Release|Any CPU
		{75B876E7-6C5C-44AC-96EF-D6A57623893C}.Release|Any CPU.Build.0 = Release|Any CPU
	EndGlobalSection
	GlobalSection(SolutionProperties) = preSolution
		HideSolutionNode = FALSE
	EndGlobalSection
	GlobalSection(ExtensibilityGlobals) = postSolution
		SolutionGuid = {FEFBB3CD-1658-458C-9D01-46FD10AA330E}
	EndGlobalSection
EndGlobal
